// !$*UTF8*$!
{
	archiveVersion = 1;
	classes = {
	};
	objectVersion = 46;
	objects = {

/* Begin PBXBuildFile section */
		3DA3875E1AEAC92D009612AC /* main.m in Sources */ = {isa = PBXBuildFile; fileRef = 3DA3875D1AEAC92D009612AC /* main.m */; };
		3DA387611AEAC92D009612AC /* AppDelegate.m in Sources */ = {isa = PBXBuildFile; fileRef = 3DA387601AEAC92D009612AC /* AppDelegate.m */; };
		3DA387641AEAC92D009612AC /* ViewController.m in Sources */ = {isa = PBXBuildFile; fileRef = 3DA387631AEAC92D009612AC /* ViewController.m */; };
		3DA387671AEAC92D009612AC /* Main.storyboard in Resources */ = {isa = PBXBuildFile; fileRef = 3DA387651AEAC92D009612AC /* Main.storyboard */; };
		3DA387691AEAC92D009612AC /* Images.xcassets in Resources */ = {isa = PBXBuildFile; fileRef = 3DA387681AEAC92D009612AC /* Images.xcassets */; };
		3DA3876C1AEAC92D009612AC /* LaunchScreen.xib in Resources */ = {isa = PBXBuildFile; fileRef = 3DA3876A1AEAC92D009612AC /* LaunchScreen.xib */; };
		4E9EB6C9B90F741262F21D4C /* libPods-TAPromotee.a in Frameworks */ = {isa = PBXBuildFile; fileRef = CCF9A97AF13484EAD44A1347 /* libPods-TAPromotee.a */; };
/* End PBXBuildFile section */

/* Begin PBXFileReference section */
		3DA387581AEAC92D009612AC /* TAPromotee.app */ = {isa = PBXFileReference; explicitFileType = wrapper.application; includeInIndex = 0; path = TAPromotee.app; sourceTree = BUILT_PRODUCTS_DIR; };
		3DA3875C1AEAC92D009612AC /* Info.plist */ = {isa = PBXFileReference; lastKnownFileType = text.plist.xml; path = Info.plist; sourceTree = "<group>"; };
		3DA3875D1AEAC92D009612AC /* main.m */ = {isa = PBXFileReference; lastKnownFileType = sourcecode.c.objc; path = main.m; sourceTree = "<group>"; };
		3DA3875F1AEAC92D009612AC /* AppDelegate.h */ = {isa = PBXFileReference; lastKnownFileType = sourcecode.c.h; path = AppDelegate.h; sourceTree = "<group>"; };
		3DA387601AEAC92D009612AC /* AppDelegate.m */ = {isa = PBXFileReference; lastKnownFileType = sourcecode.c.objc; path = AppDelegate.m; sourceTree = "<group>"; };
		3DA387621AEAC92D009612AC /* ViewController.h */ = {isa = PBXFileReference; lastKnownFileType = sourcecode.c.h; path = ViewController.h; sourceTree = "<group>"; };
		3DA387631AEAC92D009612AC /* ViewController.m */ = {isa = PBXFileReference; lastKnownFileType = sourcecode.c.objc; path = ViewController.m; sourceTree = "<group>"; };
		3DA387661AEAC92D009612AC /* Base */ = {isa = PBXFileReference; lastKnownFileType = file.storyboard; name = Base; path = Base.lproj/Main.storyboard; sourceTree = "<group>"; };
		3DA387681AEAC92D009612AC /* Images.xcassets */ = {isa = PBXFileReference; lastKnownFileType = folder.assetcatalog; path = Images.xcassets; sourceTree = "<group>"; };
		3DA3876B1AEAC92D009612AC /* Base */ = {isa = PBXFileReference; lastKnownFileType = file.xib; name = Base; path = Base.lproj/LaunchScreen.xib; sourceTree = "<group>"; };
		CCF9A97AF13484EAD44A1347 /* libPods-TAPromotee.a */ = {isa = PBXFileReference; explicitFileType = archive.ar; includeInIndex = 0; path = "libPods-TAPromotee.a"; sourceTree = BUILT_PRODUCTS_DIR; };
		EE5452D0E20FC7B8C0BDBCF8 /* Pods-TAPromotee.release.xcconfig */ = {isa = PBXFileReference; includeInIndex = 1; lastKnownFileType = text.xcconfig; name = "Pods-TAPromotee.release.xcconfig"; path = "Pods/Target Support Files/Pods-TAPromotee/Pods-TAPromotee.release.xcconfig"; sourceTree = "<group>"; };
		FEE09D6B0202F73FFA672B1D /* Pods-TAPromotee.debug.xcconfig */ = {isa = PBXFileReference; includeInIndex = 1; lastKnownFileType = text.xcconfig; name = "Pods-TAPromotee.debug.xcconfig"; path = "Pods/Target Support Files/Pods-TAPromotee/Pods-TAPromotee.debug.xcconfig"; sourceTree = "<group>"; };
/* End PBXFileReference section */

/* Begin PBXFrameworksBuildPhase section */
		3DA387551AEAC92D009612AC /* Frameworks */ = {
			isa = PBXFrameworksBuildPhase;
			buildActionMask = 2147483647;
			files = (
				4E9EB6C9B90F741262F21D4C /* libPods-TAPromotee.a in Frameworks */,
			);
			runOnlyForDeploymentPostprocessing = 0;
		};
/* End PBXFrameworksBuildPhase section */

/* Begin PBXGroup section */
		3DA3874F1AEAC92D009612AC = {
			isa = PBXGroup;
			children = (
				3DA3875A1AEAC92D009612AC /* TAPromotee */,
				3DA387591AEAC92D009612AC /* Products */,
				F6283262D28CD90FFE73EB8D /* Pods */,
				B083174A257A45C7D47EF653 /* Frameworks */,
			);
			sourceTree = "<group>";
		};
		3DA387591AEAC92D009612AC /* Products */ = {
			isa = PBXGroup;
			children = (
				3DA387581AEAC92D009612AC /* TAPromotee.app */,
			);
			name = Products;
			sourceTree = "<group>";
		};
		3DA3875A1AEAC92D009612AC /* TAPromotee */ = {
			isa = PBXGroup;
			children = (
				3DA3875F1AEAC92D009612AC /* AppDelegate.h */,
				3DA387601AEAC92D009612AC /* AppDelegate.m */,
				3DA387621AEAC92D009612AC /* ViewController.h */,
				3DA387631AEAC92D009612AC /* ViewController.m */,
				3DA387651AEAC92D009612AC /* Main.storyboard */,
				3DA387681AEAC92D009612AC /* Images.xcassets */,
				3DA3876A1AEAC92D009612AC /* LaunchScreen.xib */,
				3DA3875B1AEAC92D009612AC /* Supporting Files */,
			);
			path = TAPromotee;
			sourceTree = "<group>";
		};
		3DA3875B1AEAC92D009612AC /* Supporting Files */ = {
			isa = PBXGroup;
			children = (
				3DA3875C1AEAC92D009612AC /* Info.plist */,
				3DA3875D1AEAC92D009612AC /* main.m */,
			);
			name = "Supporting Files";
			sourceTree = "<group>";
		};
		B083174A257A45C7D47EF653 /* Frameworks */ = {
			isa = PBXGroup;
			children = (
				CCF9A97AF13484EAD44A1347 /* libPods-TAPromotee.a */,
			);
			name = Frameworks;
			sourceTree = "<group>";
		};
		F6283262D28CD90FFE73EB8D /* Pods */ = {
			isa = PBXGroup;
			children = (
				FEE09D6B0202F73FFA672B1D /* Pods-TAPromotee.debug.xcconfig */,
				EE5452D0E20FC7B8C0BDBCF8 /* Pods-TAPromotee.release.xcconfig */,
			);
			name = Pods;
			sourceTree = "<group>";
		};
/* End PBXGroup section */

/* Begin PBXNativeTarget section */
		3DA387571AEAC92D009612AC /* TAPromotee */ = {
			isa = PBXNativeTarget;
			buildConfigurationList = 3DA3877B1AEAC92D009612AC /* Build configuration list for PBXNativeTarget "TAPromotee" */;
			buildPhases = (
				8ED6CDDFE68D262CE8F61BB5 /* Check Pods Manifest.lock */,
				3DA387541AEAC92D009612AC /* Sources */,
				3DA387551AEAC92D009612AC /* Frameworks */,
				3DA387561AEAC92D009612AC /* Resources */,
				8FC6FA64F295A79A29A3E064 /* Copy Pods Resources */,
			);
			buildRules = (
			);
			dependencies = (
			);
			name = TAPromotee;
			productName = TAPromotee;
			productReference = 3DA387581AEAC92D009612AC /* TAPromotee.app */;
			productType = "com.apple.product-type.application";
		};
/* End PBXNativeTarget section */

/* Begin PBXProject section */
		3DA387501AEAC92D009612AC /* Project object */ = {
			isa = PBXProject;
			attributes = {
				LastUpgradeCheck = 0730;
				ORGANIZATIONNAME = "Tequila Apps";
				TargetAttributes = {
					3DA387571AEAC92D009612AC = {
						CreatedOnToolsVersion = 6.3.1;
						ProvisioningStyle = Manual;
					};
				};
			};
			buildConfigurationList = 3DA387531AEAC92D009612AC /* Build configuration list for PBXProject "TAPromotee" */;
			compatibilityVersion = "Xcode 3.2";
			developmentRegion = English;
			hasScannedForEncodings = 0;
			knownRegions = (
				en,
				Base,
			);
			mainGroup = 3DA3874F1AEAC92D009612AC;
			productRefGroup = 3DA387591AEAC92D009612AC /* Products */;
			projectDirPath = "";
			projectRoot = "";
			targets = (
				3DA387571AEAC92D009612AC /* TAPromotee */,
			);
		};
/* End PBXProject section */

/* Begin PBXResourcesBuildPhase section */
		3DA387561AEAC92D009612AC /* Resources */ = {
			isa = PBXResourcesBuildPhase;
			buildActionMask = 2147483647;
			files = (
				3DA387671AEAC92D009612AC /* Main.storyboard in Resources */,
				3DA3876C1AEAC92D009612AC /* LaunchScreen.xib in Resources */,
				3DA387691AEAC92D009612AC /* Images.xcassets in Resources */,
			);
			runOnlyForDeploymentPostprocessing = 0;
		};
/* End PBXResourcesBuildPhase section */

/* Begin PBXShellScriptBuildPhase section */
		8ED6CDDFE68D262CE8F61BB5 /* Check Pods Manifest.lock */ = {
			isa = PBXShellScriptBuildPhase;
			buildActionMask = 2147483647;
			files = (
			);
			inputPaths = (
			);
			name = "Check Pods Manifest.lock";
			outputPaths = (
			);
			runOnlyForDeploymentPostprocessing = 0;
			shellPath = /bin/sh;
			shellScript = "diff \"${PODS_ROOT}/../Podfile.lock\" \"${PODS_ROOT}/Manifest.lock\" > /dev/null\nif [[ $? != 0 ]] ; then\n    cat << EOM\nerror: The sandbox is not in sync with the Podfile.lock. Run 'pod install' or update your CocoaPods installation.\nEOM\n    exit 1\nfi\n";
			showEnvVarsInLog = 0;
		};
		8FC6FA64F295A79A29A3E064 /* Copy Pods Resources */ = {
			isa = PBXShellScriptBuildPhase;
			buildActionMask = 2147483647;
			files = (
			);
			inputPaths = (
			);
			name = "Copy Pods Resources";
			outputPaths = (
			);
			runOnlyForDeploymentPostprocessing = 0;
			shellPath = /bin/sh;
			shellScript = "\"${SRCROOT}/Pods/Target Support Files/Pods-TAPromotee/Pods-TAPromotee-resources.sh\"\n";
			showEnvVarsInLog = 0;
		};
/* End PBXShellScriptBuildPhase section */

/* Begin PBXSourcesBuildPhase section */
		3DA387541AEAC92D009612AC /* Sources */ = {
			isa = PBXSourcesBuildPhase;
			buildActionMask = 2147483647;
			files = (
				3DA387641AEAC92D009612AC /* ViewController.m in Sources */,
				3DA387611AEAC92D009612AC /* AppDelegate.m in Sources */,
				3DA3875E1AEAC92D009612AC /* main.m in Sources */,
			);
			runOnlyForDeploymentPostprocessing = 0;
		};
/* End PBXSourcesBuildPhase section */

/* Begin PBXVariantGroup section */
		3DA387651AEAC92D009612AC /* Main.storyboard */ = {
			isa = PBXVariantGroup;
			children = (
				3DA387661AEAC92D009612AC /* Base */,
			);
			name = Main.storyboard;
			sourceTree = "<group>";
		};
		3DA3876A1AEAC92D009612AC /* LaunchScreen.xib */ = {
			isa = PBXVariantGroup;
			children = (
				3DA3876B1AEAC92D009612AC /* Base */,
			);
			name = LaunchScreen.xib;
			sourceTree = "<group>";
		};
/* End PBXVariantGroup section */

/* Begin XCBuildConfiguration section */
		3DA387791AEAC92D009612AC /* Debug */ = {
			isa = XCBuildConfiguration;
			buildSettings = {
				ALWAYS_SEARCH_USER_PATHS = NO;
				CLANG_CXX_LANGUAGE_STANDARD = "gnu++0x";
				CLANG_CXX_LIBRARY = "libc++";
				CLANG_ENABLE_MODULES = YES;
				CLANG_ENABLE_OBJC_ARC = YES;
				CLANG_WARN_BOOL_CONVERSION = YES;
				CLANG_WARN_CONSTANT_CONVERSION = YES;
				CLANG_WARN_DIRECT_OBJC_ISA_USAGE = YES_ERROR;
				CLANG_WARN_EMPTY_BODY = YES;
				CLANG_WARN_ENUM_CONVERSION = YES;
				CLANG_WARN_INT_CONVERSION = YES;
				CLANG_WARN_OBJC_ROOT_CLASS = YES_ERROR;
				CLANG_WARN_UNREACHABLE_CODE = YES;
				CLANG_WARN__DUPLICATE_METHOD_MATCH = YES;
				"CODE_SIGN_IDENTITY[sdk=iphoneos*]" = "iPhone Developer";
				COPY_PHASE_STRIP = NO;
				DEBUG_INFORMATION_FORMAT = "dwarf-with-dsym";
				ENABLE_STRICT_OBJC_MSGSEND = YES;
				ENABLE_TESTABILITY = YES;
				GCC_C_LANGUAGE_STANDARD = gnu99;
				GCC_DYNAMIC_NO_PIC = NO;
				GCC_NO_COMMON_BLOCKS = YES;
				GCC_OPTIMIZATION_LEVEL = 0;
				GCC_PREPROCESSOR_DEFINITIONS = (
					"DEBUG=1",
					"$(inherited)",
				);
				GCC_SYMBOLS_PRIVATE_EXTERN = NO;
				GCC_WARN_64_TO_32_BIT_CONVERSION = YES;
				GCC_WARN_ABOUT_RETURN_TYPE = YES_ERROR;
				GCC_WARN_UNDECLARED_SELECTOR = YES;
				GCC_WARN_UNINITIALIZED_AUTOS = YES_AGGRESSIVE;
				GCC_WARN_UNUSED_FUNCTION = YES;
				GCC_WARN_UNUSED_VARIABLE = YES;
				IPHONEOS_DEPLOYMENT_TARGET = 7.0;
				MTL_ENABLE_DEBUG_INFO = YES;
				ONLY_ACTIVE_ARCH = YES;
				SDKROOT = iphoneos;
			};
			name = Debug;
		};
		3DA3877A1AEAC92D009612AC /* Release */ = {
			isa = XCBuildConfiguration;
			buildSettings = {
				ALWAYS_SEARCH_USER_PATHS = NO;
				CLANG_CXX_LANGUAGE_STANDARD = "gnu++0x";
				CLANG_CXX_LIBRARY = "libc++";
				CLANG_ENABLE_MODULES = YES;
				CLANG_ENABLE_OBJC_ARC = YES;
				CLANG_WARN_BOOL_CONVERSION = YES;
				CLANG_WARN_CONSTANT_CONVERSION = YES;
				CLANG_WARN_DIRECT_OBJC_ISA_USAGE = YES_ERROR;
				CLANG_WARN_EMPTY_BODY = YES;
				CLANG_WARN_ENUM_CONVERSION = YES;
				CLANG_WARN_INT_CONVERSION = YES;
				CLANG_WARN_OBJC_ROOT_CLASS = YES_ERROR;
				CLANG_WARN_UNREACHABLE_CODE = YES;
				CLANG_WARN__DUPLICATE_METHOD_MATCH = YES;
				"CODE_SIGN_IDENTITY[sdk=iphoneos*]" = "iPhone Developer";
				COPY_PHASE_STRIP = NO;
				DEBUG_INFORMATION_FORMAT = "dwarf-with-dsym";
				ENABLE_NS_ASSERTIONS = NO;
				ENABLE_STRICT_OBJC_MSGSEND = YES;
				GCC_C_LANGUAGE_STANDARD = gnu99;
				GCC_NO_COMMON_BLOCKS = YES;
				GCC_WARN_64_TO_32_BIT_CONVERSION = YES;
				GCC_WARN_ABOUT_RETURN_TYPE = YES_ERROR;
				GCC_WARN_UNDECLARED_SELECTOR = YES;
				GCC_WARN_UNINITIALIZED_AUTOS = YES_AGGRESSIVE;
				GCC_WARN_UNUSED_FUNCTION = YES;
				GCC_WARN_UNUSED_VARIABLE = YES;
				IPHONEOS_DEPLOYMENT_TARGET = 7.0;
				MTL_ENABLE_DEBUG_INFO = NO;
				SDKROOT = iphoneos;
				VALIDATE_PRODUCT = YES;
			};
			name = Release;
		};
		3DA3877C1AEAC92D009612AC /* Debug */ = {
			isa = XCBuildConfiguration;
			baseConfigurationReference = FEE09D6B0202F73FFA672B1D /* Pods-TAPromotee.debug.xcconfig */;
			buildSettings = {
				ASSETCATALOG_COMPILER_APPICON_NAME = AppIcon;
				ASSETCATALOG_COMPILER_LAUNCHIMAGE_NAME = LaunchImage;
				"CODE_SIGN_IDENTITY[sdk=iphoneos*]" = "iPhone Developer";
				DEVELOPMENT_TEAM = "";
				INFOPLIST_FILE = TAPromotee/Info.plist;
				IPHONEOS_DEPLOYMENT_TARGET = 7.0;
				LD_RUNPATH_SEARCH_PATHS = "$(inherited) @executable_path/Frameworks";
				PRODUCT_BUNDLE_IDENTIFIER = "net.tequilaapps.$(PRODUCT_NAME:rfc1034identifier)";
				PRODUCT_NAME = "$(TARGET_NAME)";
				PROVISIONING_PROFILE_SPECIFIER = "";
			};
			name = Debug;
		};
		3DA3877D1AEAC92D009612AC /* Release */ = {
			isa = XCBuildConfiguration;
			baseConfigurationReference = EE5452D0E20FC7B8C0BDBCF8 /* Pods-TAPromotee.release.xcconfig */;
			buildSettings = {
				ASSETCATALOG_COMPILER_APPICON_NAME = AppIcon;
				ASSETCATALOG_COMPILER_LAUNCHIMAGE_NAME = LaunchImage;
				"CODE_SIGN_IDENTITY[sdk=iphoneos*]" = "iPhone Developer";
				DEVELOPMENT_TEAM = "";
				INFOPLIST_FILE = TAPromotee/Info.plist;
				IPHONEOS_DEPLOYMENT_TARGET = 7.0;
				LD_RUNPATH_SEARCH_PATHS = "$(inherited) @executable_path/Frameworks";
				PRODUCT_BUNDLE_IDENTIFIER = "net.tequilaapps.$(PRODUCT_NAME:rfc1034identifier)";
				PRODUCT_NAME = "$(TARGET_NAME)";
				PROVISIONING_PROFILE_SPECIFIER = "";
			};
			name = Release;
		};
/* End XCBuildConfiguration section */

/* Begin XCConfigurationList section */
		3DA387531AEAC92D009612AC /* Build configuration list for PBXProject "TAPromotee" */ = {
			isa = XCConfigurationList;
			buildConfigurations = (
				3DA387791AEAC92D009612AC /* Debug */,
				3DA3877A1AEAC92D009612AC /* Release */,
			);
			defaultConfigurationIsVisible = 0;
			defaultConfigurationName = Release;
		};
		3DA3877B1AEAC92D009612AC /* Build configuration list for PBXNativeTarget "TAPromotee" */ = {
			isa = XCConfigurationList;
			buildConfigurations = (
				3DA3877C1AEAC92D009612AC /* Debug */,
				3DA3877D1AEAC92D009612AC /* Release */,
			);
			defaultConfigurationIsVisible = 0;
			defaultConfigurationName = Release;
		};
/* End XCConfigurationList section */
	};
	rootObject = 3DA387501AEAC92D009612AC /* Project object */;
}
